
Microsoft Visual Studio Solution File, Format Version 12.00
# Visual Studio Version 17
VisualStudioVersion = 17.12.35521.163 d17.12
MinimumVisualStudioVersion = 10.0.40219.1
Project("{FAE04EC0-301F-11D3-BF4B-00C04F79EFBC}") = "FinanceTracker.Server", "FinanceTracker.Server\FinanceTracker.Server.csproj", "{54EC1D9C-8E14-48F9-B150-0DA2B229AF2A}"
EndProject
Project("{54A90642-561A-4BB1-A94E-469ADEE60C69}") = "financetracker.client", "financetracker.client\financetracker.client.esproj", "{4ACD06C0-2188-412A-8E49-6B3A10D4D65F}"
EndProject
Global
	GlobalSection(SolutionConfigurationPlatforms) = preSolution
		Debug|Any CPU = Debug|Any CPU
		Release|Any CPU = Release|Any CPU
	EndGlobalSection
	GlobalSection(ProjectConfigurationPlatforms) = postSolution
		{54EC1D9C-8E14-48F9-B150-0DA2B229AF2A}.Debug|Any CPU.ActiveCfg = Debug|Any CPU
		{54EC1D9C-8E14-48F9-B150-0DA2B229AF2A}.Debug|Any CPU.Build.0 = Debug|Any CPU
		{54EC1D9C-8E14-48F9-B150-0DA2B229AF2A}.Release|Any CPU.ActiveCfg = Release|Any CPU
		{54EC1D9C-8E14-48F9-B150-0DA2B229AF2A}.Release|Any CPU.Build.0 = Release|Any CPU
		{4ACD06C0-2188-412A-8E49-6B3A10D4D65F}.Debug|Any CPU.ActiveCfg = Debug|Any CPU
		{4ACD06C0-2188-412A-8E49-6B3A10D4D65F}.Debug|Any CPU.Build.0 = Debug|Any CPU
		{4ACD06C0-2188-412A-8E49-6B3A10D4D65F}.Debug|Any CPU.Deploy.0 = Debug|Any CPU
		{4ACD06C0-2188-412A-8E49-6B3A10D4D65F}.Release|Any CPU.ActiveCfg = Release|Any CPU
		{4ACD06C0-2188-412A-8E49-6B3A10D4D65F}.Release|Any CPU.Build.0 = Release|Any CPU
		{4ACD06C0-2188-412A-8E49-6B3A10D4D65F}.Release|Any CPU.Deploy.0 = Release|Any CPU
	EndGlobalSection
	GlobalSection(SolutionProperties) = preSolution
		HideSolutionNode = FALSE
	EndGlobalSection
EndGlobal
